// !$*UTF8*$!
{
	archiveVersion = 1;
	classes = {
	};
	objectVersion = 50;
	objects = {

/* Begin PBXBuildFile section */
		5E2CF84026775E57007BB2EB /* AppDelegate.swift in Sources */ = {isa = PBXBuildFile; fileRef = 5E2CF83F26775E57007BB2EB /* AppDelegate.swift */; };
		5E2CF84226775E57007BB2EB /* SceneDelegate.swift in Sources */ = {isa = PBXBuildFile; fileRef = 5E2CF84126775E57007BB2EB /* SceneDelegate.swift */; };
		5E2CF84426775E57007BB2EB /* ViewController.swift in Sources */ = {isa = PBXBuildFile; fileRef = 5E2CF84326775E57007BB2EB /* ViewController.swift */; };
		5E2CF84726775E57007BB2EB /* Main.storyboard in Resources */ = {isa = PBXBuildFile; fileRef = 5E2CF84526775E57007BB2EB /* Main.storyboard */; };
		5E2CF84926775E5B007BB2EB /* Assets.xcassets in Resources */ = {isa = PBXBuildFile; fileRef = 5E2CF84826775E5B007BB2EB /* Assets.xcassets */; };
		5E2CF84C26775E5B007BB2EB /* LaunchScreen.storyboard in Resources */ = {isa = PBXBuildFile; fileRef = 5E2CF84A26775E5B007BB2EB /* LaunchScreen.storyboard */; };
		5E2CF85426775EAB007BB2EB /* README.md in Resources */ = {isa = PBXBuildFile; fileRef = 5E2CF85326775EAB007BB2EB /* README.md */; };
		5E2CF85626775F1F007BB2EB /* .gitignore in Resources */ = {isa = PBXBuildFile; fileRef = 5E2CF85526775F1F007BB2EB /* .gitignore */; };
/* End PBXBuildFile section */

/* Begin PBXFileReference section */
		5E2CF83C26775E57007BB2EB /* AnimalQuiz.app */ = {isa = PBXFileReference; explicitFileType = wrapper.application; includeInIndex = 0; path = AnimalQuiz.app; sourceTree = BUILT_PRODUCTS_DIR; };
		5E2CF83F26775E57007BB2EB /* AppDelegate.swift */ = {isa = PBXFileReference; lastKnownFileType = sourcecode.swift; path = AppDelegate.swift; sourceTree = "<group>"; };
		5E2CF84126775E57007BB2EB /* SceneDelegate.swift */ = {isa = PBXFileReference; lastKnownFileType = sourcecode.swift; path = SceneDelegate.swift; sourceTree = "<group>"; };
		5E2CF84326775E57007BB2EB /* ViewController.swift */ = {isa = PBXFileReference; lastKnownFileType = sourcecode.swift; path = ViewController.swift; sourceTree = "<group>"; };
		5E2CF84626775E57007BB2EB /* Base */ = {isa = PBXFileReference; lastKnownFileType = file.storyboard; name = Base; path = Base.lproj/Main.storyboard; sourceTree = "<group>"; };
		5E2CF84826775E5B007BB2EB /* Assets.xcassets */ = {isa = PBXFileReference; lastKnownFileType = folder.assetcatalog; path = Assets.xcassets; sourceTree = "<group>"; };
		5E2CF84B26775E5B007BB2EB /* Base */ = {isa = PBXFileReference; lastKnownFileType = file.storyboard; name = Base; path = Base.lproj/LaunchScreen.storyboard; sourceTree = "<group>"; };
		5E2CF84D26775E5B007BB2EB /* Info.plist */ = {isa = PBXFileReference; lastKnownFileType = text.plist.xml; path = Info.plist; sourceTree = "<group>"; };
		5E2CF85326775EAB007BB2EB /* README.md */ = {isa = PBXFileReference; lastKnownFileType = net.daringfireball.markdown; path = README.md; sourceTree = "<group>"; };
		5E2CF85526775F1F007BB2EB /* .gitignore */ = {isa = PBXFileReference; lastKnownFileType = text; path = .gitignore; sourceTree = "<group>"; };
/* End PBXFileReference section */

/* Begin PBXFrameworksBuildPhase section */
		5E2CF83926775E57007BB2EB /* Frameworks */ = {
			isa = PBXFrameworksBuildPhase;
			buildActionMask = 2147483647;
			files = (
			);
			runOnlyForDeploymentPostprocessing = 0;
		};
/* End PBXFrameworksBuildPhase section */

/* Begin PBXGroup section */
		5E2CF83326775E57007BB2EB = {
			isa = PBXGroup;
			children = (
				5E2CF85526775F1F007BB2EB /* .gitignore */,
				5E2CF85326775EAB007BB2EB /* README.md */,
				5E2CF83E26775E57007BB2EB /* AnimalQuiz */,
				5E2CF83D26775E57007BB2EB /* Products */,
			);
			sourceTree = "<group>";
		};
		5E2CF83D26775E57007BB2EB /* Products */ = {
			isa = PBXGroup;
			children = (
				5E2CF83C26775E57007BB2EB /* AnimalQuiz.app */,
			);
			name = Products;
			sourceTree = "<group>";
		};
		5E2CF83E26775E57007BB2EB /* AnimalQuiz */ = {
			isa = PBXGroup;
			children = (
				5E2CF83F26775E57007BB2EB /* AppDelegate.swift */,
				5E2CF84126775E57007BB2EB /* SceneDelegate.swift */,
				5E2CF84326775E57007BB2EB /* ViewController.swift */,
				5E2CF84526775E57007BB2EB /* Main.storyboard */,
				5E2CF84826775E5B007BB2EB /* Assets.xcassets */,
				5E2CF84A26775E5B007BB2EB /* LaunchScreen.storyboard */,
				5E2CF84D26775E5B007BB2EB /* Info.plist */,
			);
			path = AnimalQuiz;
			sourceTree = "<group>";
		};
/* End PBXGroup section */

/* Begin PBXNativeTarget section */
		5E2CF83B26775E57007BB2EB /* AnimalQuiz */ = {
			isa = PBXNativeTarget;
			buildConfigurationList = 5E2CF85026775E5B007BB2EB /* Build configuration list for PBXNativeTarget "AnimalQuiz" */;
			buildPhases = (
				5E2CF83826775E57007BB2EB /* Sources */,
				5E2CF83926775E57007BB2EB /* Frameworks */,
				5E2CF83A26775E57007BB2EB /* Resources */,
			);
			buildRules = (
			);
			dependencies = (
			);
			name = AnimalQuiz;
			productName = AnimalQuiz;
			productReference = 5E2CF83C26775E57007BB2EB /* AnimalQuiz.app */;
			productType = "com.apple.product-type.application";
		};
/* End PBXNativeTarget section */

/* Begin PBXProject section */
		5E2CF83426775E57007BB2EB /* Project object */ = {
			isa = PBXProject;
			attributes = {
				LastSwiftUpdateCheck = 1250;
				LastUpgradeCheck = 1250;
				TargetAttributes = {
					5E2CF83B26775E57007BB2EB = {
						CreatedOnToolsVersion = 12.5;
					};
				};
			};
			buildConfigurationList = 5E2CF83726775E57007BB2EB /* Build configuration list for PBXProject "AnimalQuiz" */;
			compatibilityVersion = "Xcode 9.3";
			developmentRegion = en;
			hasScannedForEncodings = 0;
			knownRegions = (
				en,
				Base,
			);
			mainGroup = 5E2CF83326775E57007BB2EB;
			productRefGroup = 5E2CF83D26775E57007BB2EB /* Products */;
			projectDirPath = "";
			projectRoot = "";
			targets = (
				5E2CF83B26775E57007BB2EB /* AnimalQuiz */,
			);
		};
/* End PBXProject section */

/* Begin PBXResourcesBuildPhase section */
		5E2CF83A26775E57007BB2EB /* Resources */ = {
			isa = PBXResourcesBuildPhase;
			buildActionMask = 2147483647;
			files = (
				5E2CF85626775F1F007BB2EB /* .gitignore in Resources */,
				5E2CF84C26775E5B007BB2EB /* LaunchScreen.storyboard in Resources */,
				5E2CF84926775E5B007BB2EB /* Assets.xcassets in Resources */,
				5E2CF85426775EAB007BB2EB /* README.md in Resources */,
				5E2CF84726775E57007BB2EB /* Main.storyboard in Resources */,
			);
			runOnlyForDeploymentPostprocessing = 0;
		};
/* End PBXResourcesBuildPhase section */

/* Begin PBXSourcesBuildPhase section */
		5E2CF83826775E57007BB2EB /* Sources */ = {
			isa = PBXSourcesBuildPhase;
			buildActionMask = 2147483647;
			files = (
				5E2CF84426775E57007BB2EB /* ViewController.swift in Sources */,
				5E2CF84026775E57007BB2EB /* AppDelegate.swift in Sources */,
				5E2CF84226775E57007BB2EB /* SceneDelegate.swift in Sources */,
			);
			runOnlyForDeploymentPostprocessing = 0;
		};
/* End PBXSourcesBuildPhase section */

/* Begin PBXVariantGroup section */
		5E2CF84526775E57007BB2EB /* Main.storyboard */ = {
			isa = PBXVariantGroup;
			children = (
				5E2CF84626775E57007BB2EB /* Base */,
			);
			name = Main.storyboard;
			sourceTree = "<group>";
		};
		5E2CF84A26775E5B007BB2EB /* LaunchScreen.storyboard */ = {
			isa = PBXVariantGroup;
			children = (
				5E2CF84B26775E5B007BB2EB /* Base */,
			);
			name = LaunchScreen.storyboard;
			sourceTree = "<group>";
		};
/* End PBXVariantGroup section */

/* Begin XCBuildConfiguration section */
		5E2CF84E26775E5B007BB2EB /* Debug */ = {
			isa = XCBuildConfiguration;
			buildSettings = {
				ALWAYS_SEARCH_USER_PATHS = NO;
				CLANG_ANALYZER_NONNULL = YES;
				CLANG_ANALYZER_NUMBER_OBJECT_CONVERSION = YES_AGGRESSIVE;
				CLANG_CXX_LANGUAGE_STANDARD = "gnu++14";
				CLANG_CXX_LIBRARY = "libc++";
				CLANG_ENABLE_MODULES = YES;
				CLANG_ENABLE_OBJC_ARC = YES;
				CLANG_ENABLE_OBJC_WEAK = YES;
				CLANG_WARN_BLOCK_CAPTURE_AUTORELEASING = YES;
				CLANG_WARN_BOOL_CONVERSION = YES;
				CLANG_WARN_COMMA = YES;
				CLANG_WARN_CONSTANT_CONVERSION = YES;
				CLANG_WARN_DEPRECATED_OBJC_IMPLEMENTATIONS = YES;
				CLANG_WARN_DIRECT_OBJC_ISA_USAGE = YES_ERROR;
				CLANG_WARN_DOCUMENTATION_COMMENTS = YES;
				CLANG_WARN_EMPTY_BODY = YES;
				CLANG_WARN_ENUM_CONVERSION = YES;
				CLANG_WARN_INFINITE_RECURSION = YES;
				CLANG_WARN_INT_CONVERSION = YES;
				CLANG_WARN_NON_LITERAL_NULL_CONVERSION = YES;
				CLANG_WARN_OBJC_IMPLICIT_RETAIN_SELF = YES;
				CLANG_WARN_OBJC_LITERAL_CONVERSION = YES;
				CLANG_WARN_OBJC_ROOT_CLASS = YES_ERROR;
				CLANG_WARN_QUOTED_INCLUDE_IN_FRAMEWORK_HEADER = YES;
				CLANG_WARN_RANGE_LOOP_ANALYSIS = YES;
				CLANG_WARN_STRICT_PROTOTYPES = YES;
				CLANG_WARN_SUSPICIOUS_MOVE = YES;
				CLANG_WARN_UNGUARDED_AVAILABILITY = YES_AGGRESSIVE;
				CLANG_WARN_UNREACHABLE_CODE = YES;
				CLANG_WARN__DUPLICATE_METHOD_MATCH = YES;
				COPY_PHASE_STRIP = NO;
				DEBUG_INFORMATION_FORMAT = dwarf;
				ENABLE_STRICT_OBJC_MSGSEND = YES;
				ENABLE_TESTABILITY = YES;
				GCC_C_LANGUAGE_STANDARD = gnu11;
				GCC_DYNAMIC_NO_PIC = NO;
				GCC_NO_COMMON_BLOCKS = YES;
				GCC_OPTIMIZATION_LEVEL = 0;
				GCC_PREPROCESSOR_DEFINITIONS = (
					"DEBUG=1",
					"$(inherited)",
				);
				GCC_WARN_64_TO_32_BIT_CONVERSION = YES;
				GCC_WARN_ABOUT_RETURN_TYPE = YES_ERROR;
				GCC_WARN_UNDECLARED_SELECTOR = YES;
				GCC_WARN_UNINITIALIZED_AUTOS = YES_AGGRESSIVE;
				GCC_WARN_UNUSED_FUNCTION = YES;
				GCC_WARN_UNUSED_VARIABLE = YES;
				IPHONEOS_DEPLOYMENT_TARGET = 14.5;
				MTL_ENABLE_DEBUG_INFO = INCLUDE_SOURCE;
				MTL_FAST_MATH = YES;
				ONLY_ACTIVE_ARCH = YES;
				SDKROOT = iphoneos;
				SWIFT_ACTIVE_COMPILATION_CONDITIONS = DEBUG;
				SWIFT_OPTIMIZATION_LEVEL = "-Onone";
			};
			name = Debug;
		};
		5E2CF84F26775E5B007BB2EB /* Release */ = {
			isa = XCBuildConfiguration;
			buildSettings = {
				ALWAYS_SEARCH_USER_PATHS = NO;
				CLANG_ANALYZER_NONNULL = YES;
				CLANG_ANALYZER_NUMBER_OBJECT_CONVERSION = YES_AGGRESSIVE;
				CLANG_CXX_LANGUAGE_STANDARD = "gnu++14";
				CLANG_CXX_LIBRARY = "libc++";
				CLANG_ENABLE_MODULES = YES;
				CLANG_ENABLE_OBJC_ARC = YES;
				CLANG_ENABLE_OBJC_WEAK = YES;
				CLANG_WARN_BLOCK_CAPTURE_AUTORELEASING = YES;
				CLANG_WARN_BOOL_CONVERSION = YES;
				CLANG_WARN_COMMA = YES;
				CLANG_WARN_CONSTANT_CONVERSION = YES;
				CLANG_WARN_DEPRECATED_OBJC_IMPLEMENTATIONS = YES;
				CLANG_WARN_DIRECT_OBJC_ISA_USAGE = YES_ERROR;
				CLANG_WARN_DOCUMENTATION_COMMENTS = YES;
				CLANG_WARN_EMPTY_BODY = YES;
				CLANG_WARN_ENUM_CONVERSION = YES;
				CLANG_WARN_INFINITE_RECURSION = YES;
				CLANG_WARN_INT_CONVERSION = YES;
				CLANG_WARN_NON_LITERAL_NULL_CONVERSION = YES;
				CLANG_WARN_OBJC_IMPLICIT_RETAIN_SELF = YES;
				CLANG_WARN_OBJC_LITERAL_CONVERSION = YES;
				CLANG_WARN_OBJC_ROOT_CLASS = YES_ERROR;
				CLANG_WARN_QUOTED_INCLUDE_IN_FRAMEWORK_HEADER = YES;
				CLANG_WARN_RANGE_LOOP_ANALYSIS = YES;
				CLANG_WARN_STRICT_PROTOTYPES = YES;
				CLANG_WARN_SUSPICIOUS_MOVE = YES;
				CLANG_WARN_UNGUARDED_AVAILABILITY = YES_AGGRESSIVE;
				CLANG_WARN_UNREACHABLE_CODE = YES;
				CLANG_WARN__DUPLICATE_METHOD_MATCH = YES;
				COPY_PHASE_STRIP = NO;
				DEBUG_INFORMATION_FORMAT = "dwarf-with-dsym";
				ENABLE_NS_ASSERTIONS = NO;
				ENABLE_STRICT_OBJC_MSGSEND = YES;
				GCC_C_LANGUAGE_STANDARD = gnu11;
				GCC_NO_COMMON_BLOCKS = YES;
				GCC_WARN_64_TO_32_BIT_CONVERSION = YES;
				GCC_WARN_ABOUT_RETURN_TYPE = YES_ERROR;
				GCC_WARN_UNDECLARED_SELECTOR = YES;
				GCC_WARN_UNINITIALIZED_AUTOS = YES_AGGRESSIVE;
				GCC_WARN_UNUSED_FUNCTION = YES;
				GCC_WARN_UNUSED_VARIABLE = YES;
				IPHONEOS_DEPLOYMENT_TARGET = 14.5;
				MTL_ENABLE_DEBUG_INFO = NO;
				MTL_FAST_MATH = YES;
				SDKROOT = iphoneos;
				SWIFT_COMPILATION_MODE = wholemodule;
				SWIFT_OPTIMIZATION_LEVEL = "-O";
				VALIDATE_PRODUCT = YES;
			};
			name = Release;
		};
		5E2CF85126775E5B007BB2EB /* Debug */ = {
			isa = XCBuildConfiguration;
			buildSettings = {
				ASSETCATALOG_COMPILER_APPICON_NAME = AppIcon;
				ASSETCATALOG_COMPILER_GLOBAL_ACCENT_COLOR_NAME = AccentColor;
				CODE_SIGN_STYLE = Automatic;
				DEVELOPMENT_TEAM = LGVM9RAH4N;
				INFOPLIST_FILE = AnimalQuiz/Info.plist;
				LD_RUNPATH_SEARCH_PATHS = (
					"$(inherited)",
					"@executable_path/Frameworks",
				);
				PRODUCT_BUNDLE_IDENTIFIER = "com.yahoo-s.lukaschuk.AnimalQuiz";
				PRODUCT_NAME = "$(TARGET_NAME)";
				SWIFT_VERSION = 5.0;
				TARGETED_DEVICE_FAMILY = "1,2";
			};
			name = Debug;
		};
		5E2CF85226775E5B007BB2EB /* Release */ = {
			isa = XCBuildConfiguration;
			buildSettings = {
				ASSETCATALOG_COMPILER_APPICON_NAME = AppIcon;
				ASSETCATALOG_COMPILER_GLOBAL_ACCENT_COLOR_NAME = AccentColor;
				CODE_SIGN_STYLE = Automatic;
				DEVELOPMENT_TEAM = LGVM9RAH4N;
				INFOPLIST_FILE = AnimalQuiz/Info.plist;
				LD_RUNPATH_SEARCH_PATHS = (
					"$(inherited)",
					"@executable_path/Frameworks",
				);
				PRODUCT_BUNDLE_IDENTIFIER = "com.yahoo-s.lukaschuk.AnimalQuiz";
				PRODUCT_NAME = "$(TARGET_NAME)";
				SWIFT_VERSION = 5.0;
				TARGETED_DEVICE_FAMILY = "1,2";
			};
			name = Release;
		};
/* End XCBuildConfiguration section */

/* Begin XCConfigurationList section */
		5E2CF83726775E57007BB2EB /* Build configuration list for PBXProject "AnimalQuiz" */ = {
			isa = XCConfigurationList;
			buildConfigurations = (
				5E2CF84E26775E5B007BB2EB /* Debug */,
				5E2CF84F26775E5B007BB2EB /* Release */,
			);
			defaultConfigurationIsVisible = 0;
			defaultConfigurationName = Release;
		};
		5E2CF85026775E5B007BB2EB /* Build configuration list for PBXNativeTarget "AnimalQuiz" */ = {
			isa = XCConfigurationList;
			buildConfigurations = (
				5E2CF85126775E5B007BB2EB /* Debug */,
				5E2CF85226775E5B007BB2EB /* Release */,
			);
			defaultConfigurationIsVisible = 0;
			defaultConfigurationName = Release;
		};
/* End XCConfigurationList section */
	};
	rootObject = 5E2CF83426775E57007BB2EB /* Project object */;
}
